{
  "originHash" : "1ef00134e3d6dffaac5b6dcfeb77b77a946241fed533516e57a8653752ab528d",
  "pins" : [
    {
      "identity" : "agentaudit",
      "kind" : "remoteSourceControl",
      "location" : "https://github.com/macOS26/AgentAudit.git",
      "state" : {
        "revision" : "cc777ea0867837c55586c627508cbe37c672a7e7",
        "version" : "1.0.0"
      }
    }
  ],
  "version" : 3
}
